// !$*UTF8*$!
{
	archiveVersion = 1;
	classes = {
	};
	objectVersion = 46;
	objects = {

/* Begin PBXBuildFile section */
		09ADD96B8DC32CA64AEB17C5 /* libPods.a in Frameworks */ = {isa = PBXBuildFile; fileRef = 336F7DD8CF855E383EFF085A /* libPods.a */; };
		4FB285621A75E94C00B573DE /* AppDelegate.m in Sources */ = {isa = PBXBuildFile; fileRef = 4FB285611A75E94C00B573DE /* AppDelegate.m */; };
		4FB285881A75E9F700B573DE /* TableViewController.m in Sources */ = {isa = PBXBuildFile; fileRef = 4FB285861A75E9F700B573DE /* TableViewController.m */; };
		4FB285C51A766CEC00B573DE /* main.m in Sources */ = {isa = PBXBuildFile; fileRef = 4FB285C31A766CEC00B573DE /* main.m */; };
		4FB285C71A766CEC00B573DE /* Storyboard.storyboard in Resources */ = {isa = PBXBuildFile; fileRef = 4FB285C41A766CEC00B573DE /* Storyboard.storyboard */; };
		4FB285CA1A766D0300B573DE /* Default-568h@2x.png in Resources */ = {isa = PBXBuildFile; fileRef = 4FB285C91A766D0300B573DE /* Default-568h@2x.png */; };
		4FB285D01A7671A400B573DE /* AppDelegate.m in Sources */ = {isa = PBXBuildFile; fileRef = 4FB285611A75E94C00B573DE /* AppDelegate.m */; };
		4FB285D11A7671A400B573DE /* main.m in Sources */ = {isa = PBXBuildFile; fileRef = 4FB285C31A766CEC00B573DE /* main.m */; };
		4FB285D21A7671A400B573DE /* TableViewController.m in Sources */ = {isa = PBXBuildFile; fileRef = 4FB285861A75E9F700B573DE /* TableViewController.m */; };
		4FB285D41A7671A400B573DE /* libPods.a in Frameworks */ = {isa = PBXBuildFile; fileRef = 336F7DD8CF855E383EFF085A /* libPods.a */; };
		4FB285D71A7671A400B573DE /* Storyboard.storyboard in Resources */ = {isa = PBXBuildFile; fileRef = 4FB285C41A766CEC00B573DE /* Storyboard.storyboard */; };
		4FB285D81A7671A400B573DE /* Default-568h@2x.png in Resources */ = {isa = PBXBuildFile; fileRef = 4FB285C91A766D0300B573DE /* Default-568h@2x.png */; };
		4FB285DF1A7672FE00B573DE /* ScrollView-Example.storyboard in Resources */ = {isa = PBXBuildFile; fileRef = 4FB285BD1A76671D00B573DE /* ScrollView-Example.storyboard */; };
		4FB285E11A76730300B573DE /* ScrollViewController.m in Sources */ = {isa = PBXBuildFile; fileRef = 4FB285C11A76674400B573DE /* ScrollViewController.m */; };
		4FEA1D6D1B7A4B3C00E1DBDF /* CollectionViewController.m in Sources */ = {isa = PBXBuildFile; fileRef = 4FEA1D6A1B7A4B3C00E1DBDF /* CollectionViewController.m */; };
		4FEA1D701B7A4CBA00E1DBDF /* AppDelegate.m in Sources */ = {isa = PBXBuildFile; fileRef = 4FB285611A75E94C00B573DE /* AppDelegate.m */; };
		4FEA1D711B7A4CBE00E1DBDF /* main.m in Sources */ = {isa = PBXBuildFile; fileRef = 4FB285C31A766CEC00B573DE /* main.m */; };
		4FEA1D781B7A4DAA00E1DBDF /* CollectionViewLayout.m in Sources */ = {isa = PBXBuildFile; fileRef = 4FEA1D731B7A4DAA00E1DBDF /* CollectionViewLayout.m */; };
		4FEA1D791B7A4DAA00E1DBDF /* CollectionViewCell.m in Sources */ = {isa = PBXBuildFile; fileRef = 4FEA1D751B7A4DAA00E1DBDF /* CollectionViewCell.m */; };
		4FEA1D7A1B7A4DAA00E1DBDF /* CollectionReusableHeaderView.m in Sources */ = {isa = PBXBuildFile; fileRef = 4FEA1D771B7A4DAA00E1DBDF /* CollectionReusableHeaderView.m */; };
		4FEA1D7B1B7A5B3400E1DBDF /* Storyboard.storyboard in Resources */ = {isa = PBXBuildFile; fileRef = 4FB285C41A766CEC00B573DE /* Storyboard.storyboard */; };
		4FEA1D7C1B7A5CD600E1DBDF /* Default-568h@2x.png in Resources */ = {isa = PBXBuildFile; fileRef = 4FB285C91A766D0300B573DE /* Default-568h@2x.png */; };
		4FEA1D7D1B7A5CE200E1DBDF /* images.xcassets in Resources */ = {isa = PBXBuildFile; fileRef = 4FEFACCA1B7989C700D905B8 /* images.xcassets */; };
		4FEA1D7E1B7A5CE200E1DBDF /* images.xcassets in Resources */ = {isa = PBXBuildFile; fileRef = 4FEFACCA1B7989C700D905B8 /* images.xcassets */; };
		4FEA1D801B7A5DF800E1DBDF /* CollectionView-Example.storyboard in Resources */ = {isa = PBXBuildFile; fileRef = 4FEA1D7F1B7A5DF800E1DBDF /* CollectionView-Example.storyboard */; };
		4FEA1D861B7A67E700E1DBDF /* UICollectionView+SupplementaryElementScrolling.m in Sources */ = {isa = PBXBuildFile; fileRef = 4FEA1D851B7A67E700E1DBDF /* UICollectionView+SupplementaryElementScrolling.m */; };
		4FEFACCB1B7989C700D905B8 /* images.xcassets in Resources */ = {isa = PBXBuildFile; fileRef = 4FEFACCA1B7989C700D905B8 /* images.xcassets */; };
		4FEFACCC1B798CA800D905B8 /* TableView-Example.storyboard in Resources */ = {isa = PBXBuildFile; fileRef = 4FB285841A75E9F700B573DE /* TableView-Example.storyboard */; };
		C46F97D4245BDD7548E1F345 /* libPods.a in Frameworks */ = {isa = PBXBuildFile; fileRef = 336F7DD8CF855E383EFF085A /* libPods.a */; };
/* End PBXBuildFile section */

/* Begin PBXFileReference section */
		336F7DD8CF855E383EFF085A /* libPods.a */ = {isa = PBXFileReference; explicitFileType = archive.ar; includeInIndex = 0; path = libPods.a; sourceTree = BUILT_PRODUCTS_DIR; };
		4FB285591A75E94C00B573DE /* TableView-Example.app */ = {isa = PBXFileReference; explicitFileType = wrapper.application; includeInIndex = 0; path = "TableView-Example.app"; sourceTree = BUILT_PRODUCTS_DIR; };
		4FB285601A75E94C00B573DE /* AppDelegate.h */ = {isa = PBXFileReference; lastKnownFileType = sourcecode.c.h; path = AppDelegate.h; sourceTree = "<group>"; };
		4FB285611A75E94C00B573DE /* AppDelegate.m */ = {isa = PBXFileReference; lastKnownFileType = sourcecode.c.objc; path = AppDelegate.m; sourceTree = "<group>"; };
		4FB285841A75E9F700B573DE /* TableView-Example.storyboard */ = {isa = PBXFileReference; fileEncoding = 4; lastKnownFileType = file.storyboard; path = "TableView-Example.storyboard"; sourceTree = "<group>"; };
		4FB285851A75E9F700B573DE /* TableViewController.h */ = {isa = PBXFileReference; fileEncoding = 4; lastKnownFileType = sourcecode.c.h; path = TableViewController.h; sourceTree = "<group>"; };
		4FB285861A75E9F700B573DE /* TableViewController.m */ = {isa = PBXFileReference; fileEncoding = 4; lastKnownFileType = sourcecode.c.objc; path = TableViewController.m; sourceTree = "<group>"; };
		4FB285891A765DE000B573DE /* Info.plist */ = {isa = PBXFileReference; fileEncoding = 4; lastKnownFileType = text.plist.xml; path = Info.plist; sourceTree = "<group>"; };
		4FB285BC1A76671D00B573DE /* Info.plist */ = {isa = PBXFileReference; fileEncoding = 4; lastKnownFileType = text.plist.xml; path = Info.plist; sourceTree = "<group>"; };
		4FB285BD1A76671D00B573DE /* ScrollView-Example.storyboard */ = {isa = PBXFileReference; fileEncoding = 4; lastKnownFileType = file.storyboard; path = "ScrollView-Example.storyboard"; sourceTree = "<group>"; };
		4FB285C01A76674400B573DE /* ScrollViewController.h */ = {isa = PBXFileReference; fileEncoding = 4; lastKnownFileType = sourcecode.c.h; path = ScrollViewController.h; sourceTree = "<group>"; };
		4FB285C11A76674400B573DE /* ScrollViewController.m */ = {isa = PBXFileReference; fileEncoding = 4; lastKnownFileType = sourcecode.c.objc; path = ScrollViewController.m; sourceTree = "<group>"; };
		4FB285C31A766CEC00B573DE /* main.m */ = {isa = PBXFileReference; fileEncoding = 4; lastKnownFileType = sourcecode.c.objc; name = main.m; path = "Supporting Files/main.m"; sourceTree = "<group>"; };
		4FB285C41A766CEC00B573DE /* Storyboard.storyboard */ = {isa = PBXFileReference; fileEncoding = 4; lastKnownFileType = file.storyboard; name = Storyboard.storyboard; path = "Supporting Files/Storyboard.storyboard"; sourceTree = "<group>"; };
		4FB285C91A766D0300B573DE /* Default-568h@2x.png */ = {isa = PBXFileReference; lastKnownFileType = image.png; name = "Default-568h@2x.png"; path = "Supporting Files/Default-568h@2x.png"; sourceTree = "<group>"; };
		4FB285DD1A7671A400B573DE /* TableView-Example.app */ = {isa = PBXFileReference; explicitFileType = wrapper.application; includeInIndex = 0; path = "TableView-Example.app"; sourceTree = BUILT_PRODUCTS_DIR; };
		4FEA1D411B7A41F200E1DBDF /* CollectionView-Example.app */ = {isa = PBXFileReference; explicitFileType = wrapper.application; includeInIndex = 0; path = "CollectionView-Example.app"; sourceTree = BUILT_PRODUCTS_DIR; };
		4FEA1D691B7A4B3C00E1DBDF /* CollectionViewController.h */ = {isa = PBXFileReference; fileEncoding = 4; lastKnownFileType = sourcecode.c.h; path = CollectionViewController.h; sourceTree = "<group>"; };
		4FEA1D6A1B7A4B3C00E1DBDF /* CollectionViewController.m */ = {isa = PBXFileReference; fileEncoding = 4; lastKnownFileType = sourcecode.c.objc; path = CollectionViewController.m; sourceTree = "<group>"; };
		4FEA1D6B1B7A4B3C00E1DBDF /* Info.plist */ = {isa = PBXFileReference; fileEncoding = 4; lastKnownFileType = text.plist.xml; path = Info.plist; sourceTree = "<group>"; };
		4FEA1D721B7A4DAA00E1DBDF /* CollectionViewLayout.h */ = {isa = PBXFileReference; fileEncoding = 4; lastKnownFileType = sourcecode.c.h; path = CollectionViewLayout.h; sourceTree = "<group>"; };
		4FEA1D731B7A4DAA00E1DBDF /* CollectionViewLayout.m */ = {isa = PBXFileReference; fileEncoding = 4; lastKnownFileType = sourcecode.c.objc; path = CollectionViewLayout.m; sourceTree = "<group>"; };
		4FEA1D741B7A4DAA00E1DBDF /* CollectionViewCell.h */ = {isa = PBXFileReference; fileEncoding = 4; lastKnownFileType = sourcecode.c.h; path = CollectionViewCell.h; sourceTree = "<group>"; };
		4FEA1D751B7A4DAA00E1DBDF /* CollectionViewCell.m */ = {isa = PBXFileReference; fileEncoding = 4; lastKnownFileType = sourcecode.c.objc; path = CollectionViewCell.m; sourceTree = "<group>"; };
		4FEA1D761B7A4DAA00E1DBDF /* CollectionReusableHeaderView.h */ = {isa = PBXFileReference; fileEncoding = 4; lastKnownFileType = sourcecode.c.h; path = CollectionReusableHeaderView.h; sourceTree = "<group>"; };
		4FEA1D771B7A4DAA00E1DBDF /* CollectionReusableHeaderView.m */ = {isa = PBXFileReference; fileEncoding = 4; lastKnownFileType = sourcecode.c.objc; path = CollectionReusableHeaderView.m; sourceTree = "<group>"; };
		4FEA1D7F1B7A5DF800E1DBDF /* CollectionView-Example.storyboard */ = {isa = PBXFileReference; fileEncoding = 4; lastKnownFileType = file.storyboard; path = "CollectionView-Example.storyboard"; sourceTree = "<group>"; };
		4FEA1D841B7A67E700E1DBDF /* UICollectionView+SupplementaryElementScrolling.h */ = {isa = PBXFileReference; fileEncoding = 4; lastKnownFileType = sourcecode.c.h; path = "UICollectionView+SupplementaryElementScrolling.h"; sourceTree = "<group>"; };
		4FEA1D851B7A67E700E1DBDF /* UICollectionView+SupplementaryElementScrolling.m */ = {isa = PBXFileReference; fileEncoding = 4; lastKnownFileType = sourcecode.c.objc; path = "UICollectionView+SupplementaryElementScrolling.m"; sourceTree = "<group>"; };
		4FEFACCA1B7989C700D905B8 /* images.xcassets */ = {isa = PBXFileReference; lastKnownFileType = folder.assetcatalog; path = images.xcassets; sourceTree = "<group>"; };
		6D1B7A53DF3E7887603E7DB1 /* Pods.release.xcconfig */ = {isa = PBXFileReference; includeInIndex = 1; lastKnownFileType = text.xcconfig; name = Pods.release.xcconfig; path = "Pods/Target Support Files/Pods/Pods.release.xcconfig"; sourceTree = "<group>"; };
		EBC31919615717889044CEB4 /* Pods.debug.xcconfig */ = {isa = PBXFileReference; includeInIndex = 1; lastKnownFileType = text.xcconfig; name = Pods.debug.xcconfig; path = "Pods/Target Support Files/Pods/Pods.debug.xcconfig"; sourceTree = "<group>"; };
/* End PBXFileReference section */

/* Begin PBXFrameworksBuildPhase section */
		4FB285561A75E94C00B573DE /* Frameworks */ = {
			isa = PBXFrameworksBuildPhase;
			buildActionMask = 2147483647;
			files = (
				C46F97D4245BDD7548E1F345 /* libPods.a in Frameworks */,
			);
			runOnlyForDeploymentPostprocessing = 0;
		};
		4FB285D31A7671A400B573DE /* Frameworks */ = {
			isa = PBXFrameworksBuildPhase;
			buildActionMask = 2147483647;
			files = (
				4FB285D41A7671A400B573DE /* libPods.a in Frameworks */,
			);
			runOnlyForDeploymentPostprocessing = 0;
		};
		4FEA1D3E1B7A41F200E1DBDF /* Frameworks */ = {
			isa = PBXFrameworksBuildPhase;
			buildActionMask = 2147483647;
			files = (
				09ADD96B8DC32CA64AEB17C5 /* libPods.a in Frameworks */,
			);
			runOnlyForDeploymentPostprocessing = 0;
		};
/* End PBXFrameworksBuildPhase section */

/* Begin PBXGroup section */
		42BB08BFF8A18E65986EB278 /* Frameworks */ = {
			isa = PBXGroup;
			children = (
				336F7DD8CF855E383EFF085A /* libPods.a */,
			);
			name = Frameworks;
			sourceTree = "<group>";
		};
		4FB285501A75E94C00B573DE = {
			isa = PBXGroup;
			children = (
				4FB2855B1A75E94C00B573DE /* Sample */,
				4FB2855A1A75E94C00B573DE /* Products */,
				A709B02908273C7792B5A00B /* Pods */,
				42BB08BFF8A18E65986EB278 /* Frameworks */,
			);
			sourceTree = "<group>";
		};
		4FB2855A1A75E94C00B573DE /* Products */ = {
			isa = PBXGroup;
			children = (
				4FB285591A75E94C00B573DE /* TableView-Example.app */,
				4FB285DD1A7671A400B573DE /* TableView-Example.app */,
				4FEA1D411B7A41F200E1DBDF /* CollectionView-Example.app */,
			);
			name = Products;
			sourceTree = "<group>";
		};
		4FB2855B1A75E94C00B573DE /* Sample */ = {
			isa = PBXGroup;
			children = (
				4FB285601A75E94C00B573DE /* AppDelegate.h */,
				4FB285611A75E94C00B573DE /* AppDelegate.m */,
				4FB285831A75E9F700B573DE /* TableView Example */,
				4FB2858B1A765E8300B573DE /* ScrollView Example */,
				4FEA1D671B7A4B3C00E1DBDF /* CollectionView Example */,
				4FB2855C1A75E94C00B573DE /* Supporting Files */,
			);
			path = Sample;
			sourceTree = "<group>";
		};
		4FB2855C1A75E94C00B573DE /* Supporting Files */ = {
			isa = PBXGroup;
			children = (
				4FB285C31A766CEC00B573DE /* main.m */,
				4FB285C41A766CEC00B573DE /* Storyboard.storyboard */,
				4FB285C91A766D0300B573DE /* Default-568h@2x.png */,
				4FEFACCA1B7989C700D905B8 /* images.xcassets */,
			);
			name = "Supporting Files";
			sourceTree = "<group>";
		};
		4FB285831A75E9F700B573DE /* TableView Example */ = {
			isa = PBXGroup;
			children = (
				4FB285851A75E9F700B573DE /* TableViewController.h */,
				4FB285861A75E9F700B573DE /* TableViewController.m */,
				4FB2858C1A765E9000B573DE /* Supporting Files */,
			);
			path = "TableView Example";
			sourceTree = "<group>";
		};
		4FB2858B1A765E8300B573DE /* ScrollView Example */ = {
			isa = PBXGroup;
			children = (
				4FB285C01A76674400B573DE /* ScrollViewController.h */,
				4FB285C11A76674400B573DE /* ScrollViewController.m */,
				4FB2858D1A765EA000B573DE /* Supporting Files */,
			);
			path = "ScrollView Example";
			sourceTree = "<group>";
		};
		4FB2858C1A765E9000B573DE /* Supporting Files */ = {
			isa = PBXGroup;
			children = (
				4FB285841A75E9F700B573DE /* TableView-Example.storyboard */,
				4FB285891A765DE000B573DE /* Info.plist */,
			);
			name = "Supporting Files";
			sourceTree = "<group>";
		};
		4FB2858D1A765EA000B573DE /* Supporting Files */ = {
			isa = PBXGroup;
			children = (
				4FB285BD1A76671D00B573DE /* ScrollView-Example.storyboard */,
				4FB285BC1A76671D00B573DE /* Info.plist */,
			);
			name = "Supporting Files";
			sourceTree = "<group>";
		};
		4FEA1D671B7A4B3C00E1DBDF /* CollectionView Example */ = {
			isa = PBXGroup;
			children = (
				4FEA1D691B7A4B3C00E1DBDF /* CollectionViewController.h */,
				4FEA1D6A1B7A4B3C00E1DBDF /* CollectionViewController.m */,
				4FEA1D721B7A4DAA00E1DBDF /* CollectionViewLayout.h */,
				4FEA1D731B7A4DAA00E1DBDF /* CollectionViewLayout.m */,
				4FEA1D741B7A4DAA00E1DBDF /* CollectionViewCell.h */,
				4FEA1D751B7A4DAA00E1DBDF /* CollectionViewCell.m */,
				4FEA1D761B7A4DAA00E1DBDF /* CollectionReusableHeaderView.h */,
				4FEA1D771B7A4DAA00E1DBDF /* CollectionReusableHeaderView.m */,
				4FEA1D841B7A67E700E1DBDF /* UICollectionView+SupplementaryElementScrolling.h */,
				4FEA1D851B7A67E700E1DBDF /* UICollectionView+SupplementaryElementScrolling.m */,
				4FEA1D6F1B7A4B5400E1DBDF /* Supporting Files */,
			);
			path = "CollectionView Example";
			sourceTree = "<group>";
		};
		4FEA1D6F1B7A4B5400E1DBDF /* Supporting Files */ = {
			isa = PBXGroup;
			children = (
				4FEA1D7F1B7A5DF800E1DBDF /* CollectionView-Example.storyboard */,
				4FEA1D6B1B7A4B3C00E1DBDF /* Info.plist */,
			);
			name = "Supporting Files";
			sourceTree = "<group>";
		};
		A709B02908273C7792B5A00B /* Pods */ = {
			isa = PBXGroup;
			children = (
				EBC31919615717889044CEB4 /* Pods.debug.xcconfig */,
				6D1B7A53DF3E7887603E7DB1 /* Pods.release.xcconfig */,
			);
			name = Pods;
			sourceTree = "<group>";
		};
/* End PBXGroup section */

/* Begin PBXNativeTarget section */
		4FB285581A75E94C00B573DE /* TableView-Example */ = {
			isa = PBXNativeTarget;
			buildConfigurationList = 4FB2857C1A75E94C00B573DE /* Build configuration list for PBXNativeTarget "TableView-Example" */;
			buildPhases = (
				6296DF73E69AE482B687CD80 /* Check Pods Manifest.lock */,
				4FB285551A75E94C00B573DE /* Sources */,
				4FB285561A75E94C00B573DE /* Frameworks */,
				4FB285571A75E94C00B573DE /* Resources */,
				D39C758B4A315E2057F214F0 /* Copy Pods Resources */,
			);
			buildRules = (
			);
			dependencies = (
			);
			name = "TableView-Example";
			productName = Sample;
			productReference = 4FB285591A75E94C00B573DE /* TableView-Example.app */;
			productType = "com.apple.product-type.application";
		};
		4FB285CD1A7671A400B573DE /* ScrollView-Example */ = {
			isa = PBXNativeTarget;
			buildConfigurationList = 4FB285DA1A7671A400B573DE /* Build configuration list for PBXNativeTarget "ScrollView-Example" */;
			buildPhases = (
				4FB285CE1A7671A400B573DE /* Check Pods Manifest.lock */,
				4FB285CF1A7671A400B573DE /* Sources */,
				4FB285D31A7671A400B573DE /* Frameworks */,
				4FB285D51A7671A400B573DE /* Resources */,
				4FB285D91A7671A400B573DE /* Copy Pods Resources */,
			);
			buildRules = (
			);
			dependencies = (
			);
			name = "ScrollView-Example";
			productName = Sample;
			productReference = 4FB285DD1A7671A400B573DE /* TableView-Example.app */;
			productType = "com.apple.product-type.application";
		};
		4FEA1D401B7A41F200E1DBDF /* CollectionView-Example */ = {
			isa = PBXNativeTarget;
			buildConfigurationList = 4FEA1D611B7A41F200E1DBDF /* Build configuration list for PBXNativeTarget "CollectionView-Example" */;
			buildPhases = (
				4F9BB3691A4A348DECD43DE1 /* Check Pods Manifest.lock */,
				4FEA1D3D1B7A41F200E1DBDF /* Sources */,
				4FEA1D3E1B7A41F200E1DBDF /* Frameworks */,
				4FEA1D3F1B7A41F200E1DBDF /* Resources */,
				2CBE34D692AA37F57580B3B3 /* Copy Pods Resources */,
			);
			buildRules = (
			);
			dependencies = (
			);
			name = "CollectionView-Example";
			productName = "CollectionView-Example";
			productReference = 4FEA1D411B7A41F200E1DBDF /* CollectionView-Example.app */;
			productType = "com.apple.product-type.application";
		};
/* End PBXNativeTarget section */

/* Begin PBXProject section */
		4FB285511A75E94C00B573DE /* Project object */ = {
			isa = PBXProject;
			attributes = {
				LastUpgradeCheck = 0700;
				ORGANIZATIONNAME = "DZN Labs";
				TargetAttributes = {
					4FB285581A75E94C00B573DE = {
						CreatedOnToolsVersion = 6.1.1;
					};
					4FEA1D401B7A41F200E1DBDF = {
						CreatedOnToolsVersion = 6.3;
					};
				};
			};
			buildConfigurationList = 4FB285541A75E94C00B573DE /* Build configuration list for PBXProject "Sample" */;
			compatibilityVersion = "Xcode 3.2";
			developmentRegion = English;
			hasScannedForEncodings = 0;
			knownRegions = (
				en,
				Base,
			);
			mainGroup = 4FB285501A75E94C00B573DE;
			productRefGroup = 4FB2855A1A75E94C00B573DE /* Products */;
			projectDirPath = "";
			projectRoot = "";
			targets = (
				4FB285581A75E94C00B573DE /* TableView-Example */,
				4FB285CD1A7671A400B573DE /* ScrollView-Example */,
				4FEA1D401B7A41F200E1DBDF /* CollectionView-Example */,
			);
		};
/* End PBXProject section */

/* Begin PBXResourcesBuildPhase section */
		4FB285571A75E94C00B573DE /* Resources */ = {
			isa = PBXResourcesBuildPhase;
			buildActionMask = 2147483647;
			files = (
				4FEFACCB1B7989C700D905B8 /* images.xcassets in Resources */,
				4FB285C71A766CEC00B573DE /* Storyboard.storyboard in Resources */,
				4FB285CA1A766D0300B573DE /* Default-568h@2x.png in Resources */,
				4FEFACCC1B798CA800D905B8 /* TableView-Example.storyboard in Resources */,
			);
			runOnlyForDeploymentPostprocessing = 0;
		};
		4FB285D51A7671A400B573DE /* Resources */ = {
			isa = PBXResourcesBuildPhase;
			buildActionMask = 2147483647;
			files = (
				4FB285D71A7671A400B573DE /* Storyboard.storyboard in Resources */,
				4FEA1D7E1B7A5CE200E1DBDF /* images.xcassets in Resources */,
				4FB285D81A7671A400B573DE /* Default-568h@2x.png in Resources */,
				4FB285DF1A7672FE00B573DE /* ScrollView-Example.storyboard in Resources */,
			);
			runOnlyForDeploymentPostprocessing = 0;
		};
		4FEA1D3F1B7A41F200E1DBDF /* Resources */ = {
			isa = PBXResourcesBuildPhase;
			buildActionMask = 2147483647;
			files = (
				4FEA1D801B7A5DF800E1DBDF /* CollectionView-Example.storyboard in Resources */,
				4FEA1D7D1B7A5CE200E1DBDF /* images.xcassets in Resources */,
				4FEA1D7B1B7A5B3400E1DBDF /* Storyboard.storyboard in Resources */,
				4FEA1D7C1B7A5CD600E1DBDF /* Default-568h@2x.png in Resources */,
			);
			runOnlyForDeploymentPostprocessing = 0;
		};
/* End PBXResourcesBuildPhase section */

/* Begin PBXShellScriptBuildPhase section */
		2CBE34D692AA37F57580B3B3 /* Copy Pods Resources */ = {
			isa = PBXShellScriptBuildPhase;
			buildActionMask = 2147483647;
			files = (
			);
			inputPaths = (
			);
			name = "Copy Pods Resources";
			outputPaths = (
			);
			runOnlyForDeploymentPostprocessing = 0;
			shellPath = /bin/sh;
			shellScript = "\"${SRCROOT}/Pods/Target Support Files/Pods/Pods-resources.sh\"\n";
			showEnvVarsInLog = 0;
		};
		4F9BB3691A4A348DECD43DE1 /* Check Pods Manifest.lock */ = {
			isa = PBXShellScriptBuildPhase;
			buildActionMask = 2147483647;
			files = (
			);
			inputPaths = (
			);
			name = "Check Pods Manifest.lock";
			outputPaths = (
			);
			runOnlyForDeploymentPostprocessing = 0;
			shellPath = /bin/sh;
			shellScript = "diff \"${PODS_ROOT}/../Podfile.lock\" \"${PODS_ROOT}/Manifest.lock\" > /dev/null\nif [[ $? != 0 ]] ; then\n    cat << EOM\nerror: The sandbox is not in sync with the Podfile.lock. Run 'pod install' or update your CocoaPods installation.\nEOM\n    exit 1\nfi\n";
			showEnvVarsInLog = 0;
		};
		4FB285CE1A7671A400B573DE /* Check Pods Manifest.lock */ = {
			isa = PBXShellScriptBuildPhase;
			buildActionMask = 2147483647;
			files = (
			);
			inputPaths = (
			);
			name = "Check Pods Manifest.lock";
			outputPaths = (
			);
			runOnlyForDeploymentPostprocessing = 0;
			shellPath = /bin/sh;
			shellScript = "diff \"${PODS_ROOT}/../Podfile.lock\" \"${PODS_ROOT}/Manifest.lock\" > /dev/null\nif [[ $? != 0 ]] ; then\n    cat << EOM\nerror: The sandbox is not in sync with the Podfile.lock. Run 'pod install' or update your CocoaPods installation.\nEOM\n    exit 1\nfi\n";
			showEnvVarsInLog = 0;
		};
		4FB285D91A7671A400B573DE /* Copy Pods Resources */ = {
			isa = PBXShellScriptBuildPhase;
			buildActionMask = 2147483647;
			files = (
			);
			inputPaths = (
			);
			name = "Copy Pods Resources";
			outputPaths = (
			);
			runOnlyForDeploymentPostprocessing = 0;
			shellPath = /bin/sh;
			shellScript = "\"${SRCROOT}/Pods/Target Support Files/Pods/Pods-resources.sh\"\n";
			showEnvVarsInLog = 0;
		};
		6296DF73E69AE482B687CD80 /* Check Pods Manifest.lock */ = {
			isa = PBXShellScriptBuildPhase;
			buildActionMask = 2147483647;
			files = (
			);
			inputPaths = (
			);
			name = "Check Pods Manifest.lock";
			outputPaths = (
			);
			runOnlyForDeploymentPostprocessing = 0;
			shellPath = /bin/sh;
			shellScript = "diff \"${PODS_ROOT}/../Podfile.lock\" \"${PODS_ROOT}/Manifest.lock\" > /dev/null\nif [[ $? != 0 ]] ; then\n    cat << EOM\nerror: The sandbox is not in sync with the Podfile.lock. Run 'pod install' or update your CocoaPods installation.\nEOM\n    exit 1\nfi\n";
			showEnvVarsInLog = 0;
		};
		D39C758B4A315E2057F214F0 /* Copy Pods Resources */ = {
			isa = PBXShellScriptBuildPhase;
			buildActionMask = 2147483647;
			files = (
			);
			inputPaths = (
			);
			name = "Copy Pods Resources";
			outputPaths = (
			);
			runOnlyForDeploymentPostprocessing = 0;
			shellPath = /bin/sh;
			shellScript = "\"${SRCROOT}/Pods/Target Support Files/Pods/Pods-resources.sh\"\n";
			showEnvVarsInLog = 0;
		};
/* End PBXShellScriptBuildPhase section */

/* Begin PBXSourcesBuildPhase section */
		4FB285551A75E94C00B573DE /* Sources */ = {
			isa = PBXSourcesBuildPhase;
			buildActionMask = 2147483647;
			files = (
				4FB285621A75E94C00B573DE /* AppDelegate.m in Sources */,
				4FB285C51A766CEC00B573DE /* main.m in Sources */,
				4FB285881A75E9F700B573DE /* TableViewController.m in Sources */,
			);
			runOnlyForDeploymentPostprocessing = 0;
		};
		4FB285CF1A7671A400B573DE /* Sources */ = {
			isa = PBXSourcesBuildPhase;
			buildActionMask = 2147483647;
			files = (
				4FB285D01A7671A400B573DE /* AppDelegate.m in Sources */,
				4FB285D11A7671A400B573DE /* main.m in Sources */,
				4FB285D21A7671A400B573DE /* TableViewController.m in Sources */,
				4FB285E11A76730300B573DE /* ScrollViewController.m in Sources */,
			);
			runOnlyForDeploymentPostprocessing = 0;
		};
		4FEA1D3D1B7A41F200E1DBDF /* Sources */ = {
			isa = PBXSourcesBuildPhase;
			buildActionMask = 2147483647;
			files = (
				4FEA1D781B7A4DAA00E1DBDF /* CollectionViewLayout.m in Sources */,
				4FEA1D791B7A4DAA00E1DBDF /* CollectionViewCell.m in Sources */,
				4FEA1D861B7A67E700E1DBDF /* UICollectionView+SupplementaryElementScrolling.m in Sources */,
				4FEA1D701B7A4CBA00E1DBDF /* AppDelegate.m in Sources */,
				4FEA1D7A1B7A4DAA00E1DBDF /* CollectionReusableHeaderView.m in Sources */,
				4FEA1D711B7A4CBE00E1DBDF /* main.m in Sources */,
				4FEA1D6D1B7A4B3C00E1DBDF /* CollectionViewController.m in Sources */,
			);
			runOnlyForDeploymentPostprocessing = 0;
		};
/* End PBXSourcesBuildPhase section */

/* Begin XCBuildConfiguration section */
		4FB2857A1A75E94C00B573DE /* Debug */ = {
			isa = XCBuildConfiguration;
			buildSettings = {
				ALWAYS_SEARCH_USER_PATHS = NO;
				CLANG_CXX_LANGUAGE_STANDARD = "gnu++0x";
				CLANG_CXX_LIBRARY = "libc++";
				CLANG_ENABLE_MODULES = YES;
				CLANG_ENABLE_OBJC_ARC = YES;
				CLANG_WARN_BOOL_CONVERSION = YES;
				CLANG_WARN_CONSTANT_CONVERSION = YES;
				CLANG_WARN_DIRECT_OBJC_ISA_USAGE = YES_ERROR;
				CLANG_WARN_EMPTY_BODY = YES;
				CLANG_WARN_ENUM_CONVERSION = YES;
				CLANG_WARN_INT_CONVERSION = YES;
				CLANG_WARN_OBJC_ROOT_CLASS = YES_ERROR;
				CLANG_WARN_UNREACHABLE_CODE = YES;
				CLANG_WARN__DUPLICATE_METHOD_MATCH = YES;
				"CODE_SIGN_IDENTITY[sdk=iphoneos*]" = "iPhone Developer";
				COPY_PHASE_STRIP = NO;
				ENABLE_STRICT_OBJC_MSGSEND = YES;
				ENABLE_TESTABILITY = YES;
				GCC_C_LANGUAGE_STANDARD = gnu99;
				GCC_DYNAMIC_NO_PIC = NO;
				GCC_OPTIMIZATION_LEVEL = 0;
				GCC_PREPROCESSOR_DEFINITIONS = (
					"DEBUG=1",
					"$(inherited)",
				);
				GCC_SYMBOLS_PRIVATE_EXTERN = NO;
				GCC_WARN_64_TO_32_BIT_CONVERSION = YES;
				GCC_WARN_ABOUT_RETURN_TYPE = YES_ERROR;
				GCC_WARN_UNDECLARED_SELECTOR = YES;
				GCC_WARN_UNINITIALIZED_AUTOS = YES_AGGRESSIVE;
				GCC_WARN_UNUSED_FUNCTION = YES;
				GCC_WARN_UNUSED_VARIABLE = YES;
				IPHONEOS_DEPLOYMENT_TARGET = 8.1;
				MTL_ENABLE_DEBUG_INFO = YES;
				ONLY_ACTIVE_ARCH = YES;
				SDKROOT = iphoneos;
			};
			name = Debug;
		};
		4FB2857B1A75E94C00B573DE /* Release */ = {
			isa = XCBuildConfiguration;
			buildSettings = {
				ALWAYS_SEARCH_USER_PATHS = NO;
				CLANG_CXX_LANGUAGE_STANDARD = "gnu++0x";
				CLANG_CXX_LIBRARY = "libc++";
				CLANG_ENABLE_MODULES = YES;
				CLANG_ENABLE_OBJC_ARC = YES;
				CLANG_WARN_BOOL_CONVERSION = YES;
				CLANG_WARN_CONSTANT_CONVERSION = YES;
				CLANG_WARN_DIRECT_OBJC_ISA_USAGE = YES_ERROR;
				CLANG_WARN_EMPTY_BODY = YES;
				CLANG_WARN_ENUM_CONVERSION = YES;
				CLANG_WARN_INT_CONVERSION = YES;
				CLANG_WARN_OBJC_ROOT_CLASS = YES_ERROR;
				CLANG_WARN_UNREACHABLE_CODE = YES;
				CLANG_WARN__DUPLICATE_METHOD_MATCH = YES;
				"CODE_SIGN_IDENTITY[sdk=iphoneos*]" = "iPhone Developer";
				COPY_PHASE_STRIP = YES;
				ENABLE_NS_ASSERTIONS = NO;
				ENABLE_STRICT_OBJC_MSGSEND = YES;
				GCC_C_LANGUAGE_STANDARD = gnu99;
				GCC_WARN_64_TO_32_BIT_CONVERSION = YES;
				GCC_WARN_ABOUT_RETURN_TYPE = YES_ERROR;
				GCC_WARN_UNDECLARED_SELECTOR = YES;
				GCC_WARN_UNINITIALIZED_AUTOS = YES_AGGRESSIVE;
				GCC_WARN_UNUSED_FUNCTION = YES;
				GCC_WARN_UNUSED_VARIABLE = YES;
				IPHONEOS_DEPLOYMENT_TARGET = 8.1;
				MTL_ENABLE_DEBUG_INFO = NO;
				SDKROOT = iphoneos;
				VALIDATE_PRODUCT = YES;
			};
			name = Release;
		};
		4FB2857D1A75E94C00B573DE /* Debug */ = {
			isa = XCBuildConfiguration;
			baseConfigurationReference = EBC31919615717889044CEB4 /* Pods.debug.xcconfig */;
			buildSettings = {
				ASSETCATALOG_COMPILER_APPICON_NAME = AppIcon;
				INFOPLIST_FILE = "$(SRCROOT)/Sample/TableView Example/Info.plist";
				LD_RUNPATH_SEARCH_PATHS = "$(inherited) @executable_path/Frameworks";
				PRODUCT_BUNDLE_IDENTIFIER = com.dzn.DZNSegmentedControl.Example1;
				PRODUCT_NAME = "$(TARGET_NAME)";
			};
			name = Debug;
		};
		4FB2857E1A75E94C00B573DE /* Release */ = {
			isa = XCBuildConfiguration;
			baseConfigurationReference = 6D1B7A53DF3E7887603E7DB1 /* Pods.release.xcconfig */;
			buildSettings = {
				ASSETCATALOG_COMPILER_APPICON_NAME = AppIcon;
				INFOPLIST_FILE = "$(SRCROOT)/Sample/TableView Example/Info.plist";
				LD_RUNPATH_SEARCH_PATHS = "$(inherited) @executable_path/Frameworks";
				PRODUCT_BUNDLE_IDENTIFIER = com.dzn.DZNSegmentedControl.Example1;
				PRODUCT_NAME = "$(TARGET_NAME)";
			};
			name = Release;
		};
		4FB285DB1A7671A400B573DE /* Debug */ = {
			isa = XCBuildConfiguration;
			baseConfigurationReference = EBC31919615717889044CEB4 /* Pods.debug.xcconfig */;
			buildSettings = {
				ASSETCATALOG_COMPILER_APPICON_NAME = AppIcon;
				INFOPLIST_FILE = "$(SRCROOT)/Sample/ScrollView Example/Info.plist";
				LD_RUNPATH_SEARCH_PATHS = "$(inherited) @executable_path/Frameworks";
				PRODUCT_BUNDLE_IDENTIFIER = com.dzn.DZNSegmentedControl.Example2;
				PRODUCT_NAME = "TableView-Example";
			};
			name = Debug;
		};
		4FB285DC1A7671A400B573DE /* Release */ = {
			isa = XCBuildConfiguration;
			baseConfigurationReference = 6D1B7A53DF3E7887603E7DB1 /* Pods.release.xcconfig */;
			buildSettings = {
				ASSETCATALOG_COMPILER_APPICON_NAME = AppIcon;
				INFOPLIST_FILE = "$(SRCROOT)/Sample/ScrollView Example/Info.plist";
				LD_RUNPATH_SEARCH_PATHS = "$(inherited) @executable_path/Frameworks";
				PRODUCT_BUNDLE_IDENTIFIER = com.dzn.DZNSegmentedControl.Example2;
				PRODUCT_NAME = "TableView-Example";
			};
			name = Release;
		};
		4FEA1D621B7A41F200E1DBDF /* Debug */ = {
			isa = XCBuildConfiguration;
			baseConfigurationReference = EBC31919615717889044CEB4 /* Pods.debug.xcconfig */;
			buildSettings = {
				ASSETCATALOG_COMPILER_APPICON_NAME = AppIcon;
				DEBUG_INFORMATION_FORMAT = "dwarf-with-dsym";
				GCC_NO_COMMON_BLOCKS = YES;
				GCC_PREPROCESSOR_DEFINITIONS = (
					"DEBUG=1",
					"$(inherited)",
				);
				INFOPLIST_FILE = "$(SRCROOT)/Sample/CollectionView Example/Info.plist";
				IPHONEOS_DEPLOYMENT_TARGET = 8.1;
				LD_RUNPATH_SEARCH_PATHS = "$(inherited) @executable_path/Frameworks";
				PRODUCT_BUNDLE_IDENTIFIER = com.dzn.DZNSegmentedControl.Example3;
				PRODUCT_NAME = "$(TARGET_NAME)";
			};
			name = Debug;
		};
		4FEA1D631B7A41F200E1DBDF /* Release */ = {
			isa = XCBuildConfiguration;
			baseConfigurationReference = 6D1B7A53DF3E7887603E7DB1 /* Pods.release.xcconfig */;
			buildSettings = {
				ASSETCATALOG_COMPILER_APPICON_NAME = AppIcon;
				COPY_PHASE_STRIP = NO;
				DEBUG_INFORMATION_FORMAT = "dwarf-with-dsym";
				GCC_NO_COMMON_BLOCKS = YES;
				INFOPLIST_FILE = "$(SRCROOT)/Sample/CollectionView Example/Info.plist";
				IPHONEOS_DEPLOYMENT_TARGET = 8.1;
				LD_RUNPATH_SEARCH_PATHS = "$(inherited) @executable_path/Frameworks";
				PRODUCT_BUNDLE_IDENTIFIER = com.dzn.DZNSegmentedControl.Example3;
				PRODUCT_NAME = "$(TARGET_NAME)";
			};
			name = Release;
		};
/* End XCBuildConfiguration section */

/* Begin XCConfigurationList section */
		4FB285541A75E94C00B573DE /* Build configuration list for PBXProject "Sample" */ = {
			isa = XCConfigurationList;
			buildConfigurations = (
				4FB2857A1A75E94C00B573DE /* Debug */,
				4FB2857B1A75E94C00B573DE /* Release */,
			);
			defaultConfigurationIsVisible = 0;
			defaultConfigurationName = Release;
		};
		4FB2857C1A75E94C00B573DE /* Build configuration list for PBXNativeTarget "TableView-Example" */ = {
			isa = XCConfigurationList;
			buildConfigurations = (
				4FB2857D1A75E94C00B573DE /* Debug */,
				4FB2857E1A75E94C00B573DE /* Release */,
			);
			defaultConfigurationIsVisible = 0;
			defaultConfigurationName = Release;
		};
		4FB285DA1A7671A400B573DE /* Build configuration list for PBXNativeTarget "ScrollView-Example" */ = {
			isa = XCConfigurationList;
			buildConfigurations = (
				4FB285DB1A7671A400B573DE /* Debug */,
				4FB285DC1A7671A400B573DE /* Release */,
			);
			defaultConfigurationIsVisible = 0;
			defaultConfigurationName = Release;
		};
		4FEA1D611B7A41F200E1DBDF /* Build configuration list for PBXNativeTarget "CollectionView-Example" */ = {
			isa = XCConfigurationList;
			buildConfigurations = (
				4FEA1D621B7A41F200E1DBDF /* Debug */,
				4FEA1D631B7A41F200E1DBDF /* Release */,
			);
			defaultConfigurationIsVisible = 0;
			defaultConfigurationName = Release;
		};
/* End XCConfigurationList section */
	};
	rootObject = 4FB285511A75E94C00B573DE /* Project object */;
}
